
Microsoft Visual Studio Solution File, Format Version 12.00
# Visual Studio Version 17
VisualStudioVersion = 17.11.35327.3
MinimumVisualStudioVersion = 10.0.40219.1
Project("{9A19103F-16F7-4668-BE54-9A1E7A4F7556}") = "MoviesProject.Application", "MoviesProject.Application\MoviesProject.Application.csproj", "{A5D4757C-22AE-4645-86E0-C209116313E3}"
EndProject
Project("{9A19103F-16F7-4668-BE54-9A1E7A4F7556}") = "MoviesProject.Infrastructure", "MoviesProject.Infrastructure\MoviesProject.Infrastructure.csproj", "{C685B636-8295-4BCC-BD13-28E1DAF7E9FB}"
EndProject
Project("{9A19103F-16F7-4668-BE54-9A1E7A4F7556}") = "MoviesProject.Api", "MoviesProject.Api\MoviesProject.Api.csproj", "{75CA19BF-3137-42DF-B453-652C313DBB92}"
EndProject
Project("{FAE04EC0-301F-11D3-BF4B-00C04F79EFBC}") = "MoviesProject.Test", "MoviesProject.Test\MoviesProject.Test.csproj", "{202E0CE6-1F5C-4B74-A680-3C83CE48EC80}"
EndProject
Global
	GlobalSection(SolutionConfigurationPlatforms) = preSolution
		Debug|Any CPU = Debug|Any CPU
		Release|Any CPU = Release|Any CPU
	EndGlobalSection
	GlobalSection(ProjectConfigurationPlatforms) = postSolution
		{A5D4757C-22AE-4645-86E0-C209116313E3}.Debug|Any CPU.ActiveCfg = Debug|Any CPU
		{A5D4757C-22AE-4645-86E0-C209116313E3}.Debug|Any CPU.Build.0 = Debug|Any CPU
		{A5D4757C-22AE-4645-86E0-C209116313E3}.Release|Any CPU.ActiveCfg = Release|Any CPU
		{A5D4757C-22AE-4645-86E0-C209116313E3}.Release|Any CPU.Build.0 = Release|Any CPU
		{C685B636-8295-4BCC-BD13-28E1DAF7E9FB}.Debug|Any CPU.ActiveCfg = Debug|Any CPU
		{C685B636-8295-4BCC-BD13-28E1DAF7E9FB}.Debug|Any CPU.Build.0 = Debug|Any CPU
		{C685B636-8295-4BCC-BD13-28E1DAF7E9FB}.Release|Any CPU.ActiveCfg = Release|Any CPU
		{C685B636-8295-4BCC-BD13-28E1DAF7E9FB}.Release|Any CPU.Build.0 = Release|Any CPU
		{75CA19BF-3137-42DF-B453-652C313DBB92}.Debug|Any CPU.ActiveCfg = Debug|Any CPU
		{75CA19BF-3137-42DF-B453-652C313DBB92}.Debug|Any CPU.Build.0 = Debug|Any CPU
		{75CA19BF-3137-42DF-B453-652C313DBB92}.Release|Any CPU.ActiveCfg = Release|Any CPU
		{75CA19BF-3137-42DF-B453-652C313DBB92}.Release|Any CPU.Build.0 = Release|Any CPU
		{202E0CE6-1F5C-4B74-A680-3C83CE48EC80}.Debug|Any CPU.ActiveCfg = Debug|Any CPU
		{202E0CE6-1F5C-4B74-A680-3C83CE48EC80}.Debug|Any CPU.Build.0 = Debug|Any CPU
		{202E0CE6-1F5C-4B74-A680-3C83CE48EC80}.Release|Any CPU.ActiveCfg = Release|Any CPU
		{202E0CE6-1F5C-4B74-A680-3C83CE48EC80}.Release|Any CPU.Build.0 = Release|Any CPU
	EndGlobalSection
	GlobalSection(SolutionProperties) = preSolution
		HideSolutionNode = FALSE
	EndGlobalSection
	GlobalSection(ExtensibilityGlobals) = postSolution
		SolutionGuid = {E353AB15-774A-428F-A1B4-ADAC63FDF0C0}
	EndGlobalSection
EndGlobal
